# THIS IS AN AUTOGENERATED FILE. DO NOT EDIT THIS FILE DIRECTLY.
# yarn lockfile v1


"@types/hast@^2.0.0":
  version "2.3.2"
  resolved "https://registry.yarnpkg.com/@types/hast/-/hast-2.3.2.tgz#236201acca9e2695e42f713d7dd4f151dc2982e4"
  integrity sha512-Op5W7jYgZI7AWKY5wQ0/QNMzQM7dGQPyW1rXKNiymVCy5iTfdPuGu4HhYNOM2sIv8gUfIuIdcYlXmAepwaowow==
  dependencies:
    "@types/unist" "*"

"@types/parse5@^6.0.0":
  version "6.0.1"
  resolved "https://registry.yarnpkg.com/@types/parse5/-/parse5-6.0.1.tgz#f8ae4fbcd2b9ba4ff934698e28778961f9cb22ca"
  integrity sha512-ARATsLdrGPUnaBvxLhUlnltcMgn7pQG312S8ccdYlnyijabrX9RN/KN/iGj9Am96CoW8e/K9628BA7Bv4XHdrA==

"@types/unist@*", "@types/unist@^2.0.0":
  version "2.0.6"
  resolved "https://registry.yarnpkg.com/@types/unist/-/unist-2.0.6.tgz#250a7b16c3b91f672a24552ec64678eeb1d3a08d"
  integrity sha512-PBjIUxZHOuj0R15/xuwJYjFi+KZdNFrehocChv4g5hu6aFroHue8m0lBP0POdK2nKzbw0cgV1mws8+V/JAcEkQ==

bail@^2.0.0:
  version "2.0.1"
  resolved "https://registry.yarnpkg.com/bail/-/bail-2.0.1.tgz#d676736373a374058a935aec81b94c12ba815771"
  integrity sha512-d5FoTAr2S5DSUPKl85WNm2yUwsINN8eidIdIwsOge2t33DaOfOdSmmsI11jMN3GmALCXaw+Y6HMVHDzePshFAA==

ccount@^2.0.0:
  version "2.0.0"
  resolved "https://registry.yarnpkg.com/ccount/-/ccount-2.0.0.tgz#3d6fb55803832766a24c6f339abc507297eb5d25"
  integrity sha512-VOR0NWFYX65n9gELQdcpqsie5L5ihBXuZGAgaPEp/U7IOSjnPMEH6geE+2f6lcekaNEfWzAHS45mPvSo5bqsUA==

character-entities-html4@^2.0.0:
  version "2.0.0"
  resolved "https://registry.yarnpkg.com/character-entities-html4/-/character-entities-html4-2.0.0.tgz#55fcf3ed00febfe41f8f6a5709d25ab8ed73a449"
  integrity sha512-dwT2xh5ZhUAjyP96k57ilMKoTQyASaw9IAMR9U5c1lCu2RUni6O6jxfpUEdO2RcPT6TJFvr8pqsbami4Jk+2oA==

character-entities-legacy@^2.0.0:
  version "2.0.0"
  resolved "https://registry.yarnpkg.com/character-entities-legacy/-/character-entities-legacy-2.0.0.tgz#57f4d00974c696e8f74e9f493e7fcb75b44d7ee7"
  integrity sha512-YwaEtEvWLpFa6Wh3uVLrvirA/ahr9fki/NUd/Bd4OR6EdJ8D22hovYQEOUCBfQfcqnC4IAMGMsHXY1eXgL4ZZA==

comma-separated-tokens@^2.0.0:
  version "2.0.2"
  resolved "https://registry.yarnpkg.com/comma-separated-tokens/-/comma-separated-tokens-2.0.2.tgz#d4c25abb679b7751c880be623c1179780fe1dd98"
  integrity sha512-G5yTt3KQN4Yn7Yk4ed73hlZ1evrFKXeUW3086p3PRFNp7m2vIjI6Pg+Kgb+oyzhd9F2qdcoj67+y3SdxL5XWsg==

extend@^3.0.0:
  version "3.0.2"
  resolved "https://registry.yarnpkg.com/extend/-/extend-3.0.2.tgz#f8b1136b4071fbd8eb140aff858b1019ec2915fa"
  integrity sha512-fjquC59cD7CyW6urNXK0FBufkZcoiGG80wTuPujX590cB5Ttln20E2UB4S/WARVqhXffZl2LNgS+gQdPIIim/g==

hast-util-from-parse5@^7.0.0:
  version "7.1.0"
  resolved "https://registry.yarnpkg.com/hast-util-from-parse5/-/hast-util-from-parse5-7.1.0.tgz#c129dd3a24dd8a867ab8a029ca47e27aa54864b7"
  integrity sha512-m8yhANIAccpU4K6+121KpPP55sSl9/samzQSQGpb0mTExcNh2WlvjtMwSWFhg6uqD4Rr6Nfa8N6TMypQM51rzQ==
  dependencies:
    "@types/hast" "^2.0.0"
    "@types/parse5" "^6.0.0"
    "@types/unist" "^2.0.0"
    hastscript "^7.0.0"
    property-information "^6.0.0"
    vfile "^5.0.0"
    vfile-location "^4.0.0"
    web-namespaces "^2.0.0"

hast-util-is-element@^2.0.0:
  version "2.1.1"
  resolved "https://registry.yarnpkg.com/hast-util-is-element/-/hast-util-is-element-2.1.1.tgz#863019a27400dc4f1aedfa4900627f42fd75c2b7"
  integrity sha512-ag0fiZfRWsPiR1udvnSbaazJLGv8qd8E+/e3rW8rUZhbKG4HNJmFL4QkEceN+22BgE+uozXY30z/s+2dL6Z++g==
  dependencies:
    "@types/hast" "^2.0.0"
    "@types/unist" "^2.0.0"

hast-util-parse-selector@^3.0.0:
  version "3.1.0"
  resolved "https://registry.yarnpkg.com/hast-util-parse-selector/-/hast-util-parse-selector-3.1.0.tgz#a519e27e8b61bd5a98fad494ed06131ce68d9c3f"
  integrity sha512-AyjlI2pTAZEOeu7GeBPZhROx0RHBnydkQIXlhnFzDi0qfXTmGUWoCYZtomHbrdrheV4VFUlPcfJ6LMF5T6sQzg==
  dependencies:
    "@types/hast" "^2.0.0"

hast-util-to-html@^8.0.0:
  version "8.0.1"
  resolved "https://registry.yarnpkg.com/hast-util-to-html/-/hast-util-to-html-8.0.1.tgz#05d2f37ca7979f474f2d23536ea4655e91ceecef"
  integrity sha512-S1mTqXvWVGIxrWw0xOHHvmevwCBFTRGNvXWsjE32IyEAlMhbMkK+ZuP6CAqkQ6Vb7swrehaHpfXHEI6voGDh0w==
  dependencies:
    "@types/hast" "^2.0.0"
    ccount "^2.0.0"
    comma-separated-tokens "^2.0.0"
    hast-util-is-element "^2.0.0"
    hast-util-whitespace "^2.0.0"
    html-void-elements "^2.0.0"
    property-information "^6.0.0"
    space-separated-tokens "^2.0.0"
    stringify-entities "^4.0.0"
    unist-util-is "^5.0.0"

hast-util-whitespace@^2.0.0:
  version "2.0.0"
  resolved "https://registry.yarnpkg.com/hast-util-whitespace/-/hast-util-whitespace-2.0.0.tgz#4fc1086467cc1ef5ba20673cb6b03cec3a970f1c"
  integrity sha512-Pkw+xBHuV6xFeJprJe2BBEoDV+AvQySaz3pPDRUs5PNZEMQjpXJJueqrpcHIXxnWTcAGi/UOCgVShlkY6kLoqg==

hastscript@^7.0.0:
  version "7.0.2"
  resolved "https://registry.yarnpkg.com/hastscript/-/hastscript-7.0.2.tgz#d811fc040817d91923448a28156463b2e40d590a"
  integrity sha512-uA8ooUY4ipaBvKcMuPehTAB/YfFLSSzCwFSwT6ltJbocFUKH/GDHLN+tflq7lSRf9H86uOuxOFkh1KgIy3Gg2g==
  dependencies:
    "@types/hast" "^2.0.0"
    comma-separated-tokens "^2.0.0"
    hast-util-parse-selector "^3.0.0"
    property-information "^6.0.0"
    space-separated-tokens "^2.0.0"

html-void-elements@^2.0.0:
  version "2.0.0"
  resolved "https://registry.yarnpkg.com/html-void-elements/-/html-void-elements-2.0.0.tgz#ea71bae0dd33de675cdda3c4ace1bc7584bb1071"
  integrity sha512-4OYzQQsBt0G9bJ/nM9/DDsjm4+fVdzAaPJJcWk5QwA3GIAPxQEeOR0rsI8HbDHQz5Gta8pVvGnnTNSbZVEVvkQ==

is-buffer@^2.0.0:
  version "2.0.5"
  resolved "https://registry.yarnpkg.com/is-buffer/-/is-buffer-2.0.5.tgz#ebc252e400d22ff8d77fa09888821a24a658c191"
  integrity sha512-i2R6zNFDwgEHJyQUtJEk0XFi1i0dPFn/oqjK3/vPCcDeJvW5NQ83V8QbicfF1SupOaB0h8ntgBC2YiE7dfyctQ==

is-plain-obj@^4.0.0:
  version "4.0.0"
  resolved "https://registry.yarnpkg.com/is-plain-obj/-/is-plain-obj-4.0.0.tgz#06c0999fd7574edf5a906ba5644ad0feb3a84d22"
  integrity sha512-NXRbBtUdBioI73y/HmOhogw/U5msYPC9DAtGkJXeFcFWSFZw0mCUsPxk/snTuJHzNKA8kLBK4rH97RMB1BfCXw==

parse5@^6.0.0:
  version "6.0.1"
  resolved "https://registry.yarnpkg.com/parse5/-/parse5-6.0.1.tgz#e1a1c085c569b3dc08321184f19a39cc27f7c30b"
  integrity sha512-Ofn/CTFzRGTTxwpNEs9PP93gXShHcTq255nzRYSKe8AkVpZY7e1fpmTfOyoIvjP5HG7Z2ZM7VS9PPhQGW2pOpw==

property-information@^6.0.0:
  version "6.0.1"
  resolved "https://registry.yarnpkg.com/property-information/-/property-information-6.0.1.tgz#7c668d9f2b9cb63bc3e105d8b8dfee7221a17800"
  integrity sha512-F4WUUAF7fMeF4/JUFHNBWDaKDXi2jbvqBW/y6o5wsf3j19wTZ7S60TmtB5HoBhtgw7NKQRMWuz5vk2PR0CygUg==

rehype-parse@^8.0.2:
  version "8.0.2"
  resolved "https://registry.yarnpkg.com/rehype-parse/-/rehype-parse-8.0.2.tgz#8e8ebe6bff33521a446eacce818a49848d0c1b46"
  integrity sha512-Y5AvUbTareuAcCQITTbC9SGagm1IvOOSfG5CTTaOUW0pEeoNHkOq4YmMaEywUmSwwOgel3gOF3O7Mwl1acoBzg==
  dependencies:
    "@types/hast" "^2.0.0"
    hast-util-from-parse5 "^7.0.0"
    parse5 "^6.0.0"
    unified "^10.0.0"

rehype-stringify@^9.0.1:
  version "9.0.1"
  resolved "https://registry.yarnpkg.com/rehype-stringify/-/rehype-stringify-9.0.1.tgz#0252218f10ea400ca5b3010256c6cb66e25485dd"
  integrity sha512-xfhm8Erp7yL+RRgYmtZMJUqu6OSguwOQMfR2LkqT1dgNDQheClFMaDPVERy4/su7o0eHo0PKFGn4L68kOjVdRQ==
  dependencies:
    "@types/hast" "^2.0.0"
    hast-util-to-html "^8.0.0"
    unified "^10.0.0"

space-separated-tokens@^2.0.0:
  version "2.0.1"
  resolved "https://registry.yarnpkg.com/space-separated-tokens/-/space-separated-tokens-2.0.1.tgz#43193cec4fb858a2ce934b7f98b7f2c18107098b"
  integrity sha512-ekwEbFp5aqSPKaqeY1PGrlGQxPNaq+Cnx4+bE2D8sciBQrHpbwoBbawqTN2+6jPs9IdWxxiUcN0K2pkczD3zmw==

stringify-entities@^4.0.0:
  version "4.0.1"
  resolved "https://registry.yarnpkg.com/stringify-entities/-/stringify-entities-4.0.1.tgz#f483c9ca8d7e029edec9863c5a37c1f1e7702c8d"
  integrity sha512-gmMQxKXPWIO3NXNSPyWNhlYcBNGpPA/487D+9dLPnU4xBnIrnHdr8cv5rGJOS/1BRxEXRb7uKwg7BA36IWV7xg==
  dependencies:
    character-entities-html4 "^2.0.0"
    character-entities-legacy "^2.0.0"

trough@^2.0.0:
  version "2.0.2"
  resolved "https://registry.yarnpkg.com/trough/-/trough-2.0.2.tgz#94a3aa9d5ce379fc561f6244905b3f36b7458d96"
  integrity sha512-FnHq5sTMxC0sk957wHDzRnemFnNBvt/gSY99HzK8F7UP5WAbvP70yX5bd7CjEQkN+TjdxwI7g7lJ6podqrG2/w==

unified@^10.0.0, unified@^10.1.0:
  version "10.1.0"
  resolved "https://registry.yarnpkg.com/unified/-/unified-10.1.0.tgz#4e65eb38fc2448b1c5ee573a472340f52b9346fe"
  integrity sha512-4U3ru/BRXYYhKbwXV6lU6bufLikoAavTwev89H5UxY8enDFaAT2VXmIXYNm6hb5oHPng/EXr77PVyDFcptbk5g==
  dependencies:
    "@types/unist" "^2.0.0"
    bail "^2.0.0"
    extend "^3.0.0"
    is-buffer "^2.0.0"
    is-plain-obj "^4.0.0"
    trough "^2.0.0"
    vfile "^5.0.0"

unist-util-is@^5.0.0:
  version "5.1.1"
  resolved "https://registry.yarnpkg.com/unist-util-is/-/unist-util-is-5.1.1.tgz#e8aece0b102fa9bc097b0fef8f870c496d4a6236"
  integrity sha512-F5CZ68eYzuSvJjGhCLPL3cYx45IxkqXSetCcRgUXtbcm50X2L9oOWQlfUfDdAf+6Pd27YDblBfdtmsThXmwpbQ==

unist-util-stringify-position@^3.0.0:
  version "3.0.0"
  resolved "https://registry.yarnpkg.com/unist-util-stringify-position/-/unist-util-stringify-position-3.0.0.tgz#d517d2883d74d0daa0b565adc3d10a02b4a8cde9"
  integrity sha512-SdfAl8fsDclywZpfMDTVDxA2V7LjtRDTOFd44wUJamgl6OlVngsqWjxvermMYf60elWHbxhuRCZml7AnuXCaSA==
  dependencies:
    "@types/unist" "^2.0.0"

vfile-location@^4.0.0:
  version "4.0.1"
  resolved "https://registry.yarnpkg.com/vfile-location/-/vfile-location-4.0.1.tgz#06f2b9244a3565bef91f099359486a08b10d3a95"
  integrity sha512-JDxPlTbZrZCQXogGheBHjbRWjESSPEak770XwWPfw5mTc1v1nWGLB/apzZxsx8a0SJVfF8HK8ql8RD308vXRUw==
  dependencies:
    "@types/unist" "^2.0.0"
    vfile "^5.0.0"

vfile-message@^3.0.0:
  version "3.0.2"
  resolved "https://registry.yarnpkg.com/vfile-message/-/vfile-message-3.0.2.tgz#db7eaebe7fecb853010f2ef1664427f52baf8f74"
  integrity sha512-UUjZYIOg9lDRwwiBAuezLIsu9KlXntdxwG+nXnjuQAHvBpcX3x0eN8h+I7TkY5nkCXj+cWVp4ZqebtGBvok8ww==
  dependencies:
    "@types/unist" "^2.0.0"
    unist-util-stringify-position "^3.0.0"

vfile@^5.0.0:
  version "5.0.2"
  resolved "https://registry.yarnpkg.com/vfile/-/vfile-5.0.2.tgz#57773d1d91478b027632c23afab58ec3590344f0"
  integrity sha512-5cV+K7tX83MT3bievROc+7AvHv0GXDB0zqbrTjbOe+HRbkzvY4EP+wS3IR77kUBCoWFMdG9py18t0sesPtQ1Rw==
  dependencies:
    "@types/unist" "^2.0.0"
    is-buffer "^2.0.0"
    unist-util-stringify-position "^3.0.0"
    vfile-message "^3.0.0"

web-namespaces@^2.0.0:
  version "2.0.0"
  resolved "https://registry.yarnpkg.com/web-namespaces/-/web-namespaces-2.0.0.tgz#1f6a2d7b5823329abaedeb6bdf09ef2fed35db13"
  integrity sha512-dE7ELZRVWh0ceQsRgkjLgsAvwTuv3kcjSY/hLjqL0llleUlQBDjE9JkB9FCBY5F2mnFEwiyJoowl8+NVGHe8dw==
